
Microsoft Visual Studio Solution File, Format Version 12.00
# Visual Studio Version 17
VisualStudioVersion = 17.9.34728.123
MinimumVisualStudioVersion = 10.0.40219.1
Project("{9A19103F-16F7-4668-BE54-9A1E7A4F7556}") = "DayCounter", "DayCounter.csproj", "{9C022236-6E77-42E7-9898-B823DE451E51}"
EndProject
Global
	GlobalSection(SolutionConfigurationPlatforms) = preSolution
		Debug|Any CPU = Debug|Any CPU
		Release|Any CPU = Release|Any CPU
	EndGlobalSection
	GlobalSection(ProjectConfigurationPlatforms) = postSolution
		{9C022236-6E77-42E7-9898-B823DE451E51}.Debug|Any CPU.ActiveCfg = Debug|Any CPU
		{9C022236-6E77-42E7-9898-B823DE451E51}.Debug|Any CPU.Build.0 = Debug|Any CPU
		{9C022236-6E77-42E7-9898-B823DE451E51}.Release|Any CPU.ActiveCfg = Release|Any CPU
		{9C022236-6E77-42E7-9898-B823DE451E51}.Release|Any CPU.Build.0 = Release|Any CPU
	EndGlobalSection
	GlobalSection(SolutionProperties) = preSolution
		HideSolutionNode = FALSE
	EndGlobalSection
	GlobalSection(ExtensibilityGlobals) = postSolution
		SolutionGuid = {F246B5F3-9040-4527-8EED-B88B199372B4}
	EndGlobalSection
EndGlobal
